DEPENDENCIES
  basic
    path: site-cookbooks/basic
  mariadb
    path: site-cookbooks/mariadb
  nginx
    path: site-cookbooks/nginx
  php-env
    path: site-cookbooks/php-env
  yum
  yum-epel

GRAPH
  basic (0.1.0)
  mariadb (0.1.0)
  nginx (0.1.0)
  php-env (0.1.0)
  yum (3.10.0)
  yum-epel (0.6.6)
    yum (~> 3.10.0)
